
Microsoft Visual Studio Solution File, Format Version 12.00
# Visual Studio Version 17
VisualStudioVersion = 17.11.35327.3
MinimumVisualStudioVersion = 10.0.40219.1
Project("{FAE04EC0-301F-11D3-BF4B-00C04F79EFBC}") = "HealthCheck", "HealthCheck\HealthCheck.csproj", "{ABA42FD5-3DD8-4D7A-BA29-F5A8205F811A}"
EndProject
Global
	GlobalSection(SolutionConfigurationPlatforms) = preSolution
		Debug|Any CPU = Debug|Any CPU
		Release|Any CPU = Release|Any CPU
	EndGlobalSection
	GlobalSection(ProjectConfigurationPlatforms) = postSolution
		{ABA42FD5-3DD8-4D7A-BA29-F5A8205F811A}.Debug|Any CPU.ActiveCfg = Debug|Any CPU
		{ABA42FD5-3DD8-4D7A-BA29-F5A8205F811A}.Debug|Any CPU.Build.0 = Debug|Any CPU
		{ABA42FD5-3DD8-4D7A-BA29-F5A8205F811A}.Release|Any CPU.ActiveCfg = Release|Any CPU
		{ABA42FD5-3DD8-4D7A-BA29-F5A8205F811A}.Release|Any CPU.Build.0 = Release|Any CPU
	EndGlobalSection
	GlobalSection(SolutionProperties) = preSolution
		HideSolutionNode = FALSE
	EndGlobalSection
	GlobalSection(ExtensibilityGlobals) = postSolution
		SolutionGuid = {2E602150-B02B-4E2C-8276-91F0F7E2BD00}
	EndGlobalSection
EndGlobal
